
Microsoft Visual Studio Solution File, Format Version 12.00
# Visual Studio Version 17
VisualStudioVersion = 17.13.35931.197
MinimumVisualStudioVersion = 10.0.40219.1
Project("{F2A71F9B-5D33-465A-A702-920D77279786}") = "Lab 1.1", "Lab_1\Lab 1.1.fsproj", "{8CD5B369-BB80-4B9A-8261-64507BCC7D37}"
EndProject
Global
	GlobalSection(SolutionConfigurationPlatforms) = preSolution
		Debug|Any CPU = Debug|Any CPU
		Release|Any CPU = Release|Any CPU
	EndGlobalSection
	GlobalSection(ProjectConfigurationPlatforms) = postSolution
		{8CD5B369-BB80-4B9A-8261-64507BCC7D37}.Debug|Any CPU.ActiveCfg = Debug|Any CPU
		{8CD5B369-BB80-4B9A-8261-64507BCC7D37}.Debug|Any CPU.Build.0 = Debug|Any CPU
		{8CD5B369-BB80-4B9A-8261-64507BCC7D37}.Release|Any CPU.ActiveCfg = Release|Any CPU
		{8CD5B369-BB80-4B9A-8261-64507BCC7D37}.Release|Any CPU.Build.0 = Release|Any CPU
	EndGlobalSection
	GlobalSection(SolutionProperties) = preSolution
		HideSolutionNode = FALSE
	EndGlobalSection
	GlobalSection(ExtensibilityGlobals) = postSolution
		SolutionGuid = {90E9887E-169B-4FDF-BFF9-990E7B7BE828}
	EndGlobalSection
EndGlobal
