
Microsoft Visual Studio Solution File, Format Version 12.00
# Visual Studio Version 17
VisualStudioVersion = 17.13.35931.197 d17.13
MinimumVisualStudioVersion = 10.0.40219.1
Project("{F2A71F9B-5D33-465A-A702-920D77279786}") = "Lab 1.3", "Lab 1.3\Lab 1.3.fsproj", "{909B89A0-93F4-4D6F-A7D6-C19BFDBF3E53}"
EndProject
Global
	GlobalSection(SolutionConfigurationPlatforms) = preSolution
		Debug|Any CPU = Debug|Any CPU
		Release|Any CPU = Release|Any CPU
	EndGlobalSection
	GlobalSection(ProjectConfigurationPlatforms) = postSolution
		{909B89A0-93F4-4D6F-A7D6-C19BFDBF3E53}.Debug|Any CPU.ActiveCfg = Debug|Any CPU
		{909B89A0-93F4-4D6F-A7D6-C19BFDBF3E53}.Debug|Any CPU.Build.0 = Debug|Any CPU
		{909B89A0-93F4-4D6F-A7D6-C19BFDBF3E53}.Release|Any CPU.ActiveCfg = Release|Any CPU
		{909B89A0-93F4-4D6F-A7D6-C19BFDBF3E53}.Release|Any CPU.Build.0 = Release|Any CPU
	EndGlobalSection
	GlobalSection(SolutionProperties) = preSolution
		HideSolutionNode = FALSE
	EndGlobalSection
	GlobalSection(ExtensibilityGlobals) = postSolution
		SolutionGuid = {1266B9FD-857F-48FF-804B-1520CF0C3EAC}
	EndGlobalSection
EndGlobal
